
Microsoft Visual Studio Solution File, Format Version 12.00
# Visual Studio Version 17
VisualStudioVersion = 17.5.002.0
MinimumVisualStudioVersion = 10.0.40219.1
Project("{9A19103F-16F7-4668-BE54-9A1E7A4F7556}") = "Converter", "Converter.csproj", "{7EFF3969-DA72-49A5-A63B-BC3F6453E75B}"
EndProject
Global
	GlobalSection(SolutionConfigurationPlatforms) = preSolution
		Debug|Any CPU = Debug|Any CPU
		Release|Any CPU = Release|Any CPU
	EndGlobalSection
	GlobalSection(ProjectConfigurationPlatforms) = postSolution
		{7EFF3969-DA72-49A5-A63B-BC3F6453E75B}.Debug|Any CPU.ActiveCfg = Debug|Any CPU
		{7EFF3969-DA72-49A5-A63B-BC3F6453E75B}.Debug|Any CPU.Build.0 = Debug|Any CPU
		{7EFF3969-DA72-49A5-A63B-BC3F6453E75B}.Release|Any CPU.ActiveCfg = Release|Any CPU
		{7EFF3969-DA72-49A5-A63B-BC3F6453E75B}.Release|Any CPU.Build.0 = Release|Any CPU
	EndGlobalSection
	GlobalSection(SolutionProperties) = preSolution
		HideSolutionNode = FALSE
	EndGlobalSection
	GlobalSection(ExtensibilityGlobals) = postSolution
		SolutionGuid = {05D8D744-5ECD-46AB-AC0A-6D117D4EB540}
	EndGlobalSection
EndGlobal
